// !$*UTF8*$!
{
	archiveVersion = 1;
	classes = {
	};
	objectVersion = 55;
	objects = {

/* Begin PBXBuildFile section */
		A424614E275EF08800DC31E6 /* CardsGameWarApp.swift in Sources */ = {isa = PBXBuildFile; fileRef = A424614D275EF08800DC31E6 /* CardsGameWarApp.swift */; };
		A4246150275EF08800DC31E6 /* ContentView.swift in Sources */ = {isa = PBXBuildFile; fileRef = A424614F275EF08800DC31E6 /* ContentView.swift */; };
		A4246152275EF08D00DC31E6 /* Assets.xcassets in Resources */ = {isa = PBXBuildFile; fileRef = A4246151275EF08D00DC31E6 /* Assets.xcassets */; };
		A4246155275EF08D00DC31E6 /* Preview Assets.xcassets in Resources */ = {isa = PBXBuildFile; fileRef = A4246154275EF08D00DC31E6 /* Preview Assets.xcassets */; };
		A424615F275EF08D00DC31E6 /* CardsGameWarTests.swift in Sources */ = {isa = PBXBuildFile; fileRef = A424615E275EF08D00DC31E6 /* CardsGameWarTests.swift */; };
		A4246169275EF08D00DC31E6 /* CardsGameWarUITests.swift in Sources */ = {isa = PBXBuildFile; fileRef = A4246168275EF08D00DC31E6 /* CardsGameWarUITests.swift */; };
		A424616B275EF08D00DC31E6 /* CardsGameWarUITestsLaunchTests.swift in Sources */ = {isa = PBXBuildFile; fileRef = A424616A275EF08D00DC31E6 /* CardsGameWarUITestsLaunchTests.swift */; };
/* End PBXBuildFile section */

/* Begin PBXContainerItemProxy section */
		A424615B275EF08D00DC31E6 /* PBXContainerItemProxy */ = {
			isa = PBXContainerItemProxy;
			containerPortal = A4246142275EF08800DC31E6 /* Project object */;
			proxyType = 1;
			remoteGlobalIDString = A4246149275EF08800DC31E6;
			remoteInfo = CardsGameWar;
		};
		A4246165275EF08D00DC31E6 /* PBXContainerItemProxy */ = {
			isa = PBXContainerItemProxy;
			containerPortal = A4246142275EF08800DC31E6 /* Project object */;
			proxyType = 1;
			remoteGlobalIDString = A4246149275EF08800DC31E6;
			remoteInfo = CardsGameWar;
		};
/* End PBXContainerItemProxy section */

/* Begin PBXFileReference section */
		A424614A275EF08800DC31E6 /* CardsGameWar.app */ = {isa = PBXFileReference; explicitFileType = wrapper.application; includeInIndex = 0; path = CardsGameWar.app; sourceTree = BUILT_PRODUCTS_DIR; };
		A424614D275EF08800DC31E6 /* CardsGameWarApp.swift */ = {isa = PBXFileReference; lastKnownFileType = sourcecode.swift; path = CardsGameWarApp.swift; sourceTree = "<group>"; };
		A424614F275EF08800DC31E6 /* ContentView.swift */ = {isa = PBXFileReference; lastKnownFileType = sourcecode.swift; path = ContentView.swift; sourceTree = "<group>"; };
		A4246151275EF08D00DC31E6 /* Assets.xcassets */ = {isa = PBXFileReference; lastKnownFileType = folder.assetcatalog; path = Assets.xcassets; sourceTree = "<group>"; };
		A4246154275EF08D00DC31E6 /* Preview Assets.xcassets */ = {isa = PBXFileReference; lastKnownFileType = folder.assetcatalog; path = "Preview Assets.xcassets"; sourceTree = "<group>"; };
		A424615A275EF08D00DC31E6 /* CardsGameWarTests.xctest */ = {isa = PBXFileReference; explicitFileType = wrapper.cfbundle; includeInIndex = 0; path = CardsGameWarTests.xctest; sourceTree = BUILT_PRODUCTS_DIR; };
		A424615E275EF08D00DC31E6 /* CardsGameWarTests.swift */ = {isa = PBXFileReference; lastKnownFileType = sourcecode.swift; path = CardsGameWarTests.swift; sourceTree = "<group>"; };
		A4246164275EF08D00DC31E6 /* CardsGameWarUITests.xctest */ = {isa = PBXFileReference; explicitFileType = wrapper.cfbundle; includeInIndex = 0; path = CardsGameWarUITests.xctest; sourceTree = BUILT_PRODUCTS_DIR; };
		A4246168275EF08D00DC31E6 /* CardsGameWarUITests.swift */ = {isa = PBXFileReference; lastKnownFileType = sourcecode.swift; path = CardsGameWarUITests.swift; sourceTree = "<group>"; };
		A424616A275EF08D00DC31E6 /* CardsGameWarUITestsLaunchTests.swift */ = {isa = PBXFileReference; lastKnownFileType = sourcecode.swift; path = CardsGameWarUITestsLaunchTests.swift; sourceTree = "<group>"; };
/* End PBXFileReference section */

/* Begin PBXFrameworksBuildPhase section */
		A4246147275EF08800DC31E6 /* Frameworks */ = {
			isa = PBXFrameworksBuildPhase;
			buildActionMask = 2147483647;
			files = (
			);
			runOnlyForDeploymentPostprocessing = 0;
		};
		A4246157275EF08D00DC31E6 /* Frameworks */ = {
			isa = PBXFrameworksBuildPhase;
			buildActionMask = 2147483647;
			files = (
			);
			runOnlyForDeploymentPostprocessing = 0;
		};
		A4246161275EF08D00DC31E6 /* Frameworks */ = {
			isa = PBXFrameworksBuildPhase;
			buildActionMask = 2147483647;
			files = (
			);
			runOnlyForDeploymentPostprocessing = 0;
		};
/* End PBXFrameworksBuildPhase section */

/* Begin PBXGroup section */
		A4246141275EF08800DC31E6 = {
			isa = PBXGroup;
			children = (
				A424614C275EF08800DC31E6 /* CardsGameWar */,
				A424615D275EF08D00DC31E6 /* CardsGameWarTests */,
				A4246167275EF08D00DC31E6 /* CardsGameWarUITests */,
				A424614B275EF08800DC31E6 /* Products */,
			);
			sourceTree = "<group>";
		};
		A424614B275EF08800DC31E6 /* Products */ = {
			isa = PBXGroup;
			children = (
				A424614A275EF08800DC31E6 /* CardsGameWar.app */,
				A424615A275EF08D00DC31E6 /* CardsGameWarTests.xctest */,
				A4246164275EF08D00DC31E6 /* CardsGameWarUITests.xctest */,
			);
			name = Products;
			sourceTree = "<group>";
		};
		A424614C275EF08800DC31E6 /* CardsGameWar */ = {
			isa = PBXGroup;
			children = (
				A424614D275EF08800DC31E6 /* CardsGameWarApp.swift */,
				A424614F275EF08800DC31E6 /* ContentView.swift */,
				A4246151275EF08D00DC31E6 /* Assets.xcassets */,
				A4246153275EF08D00DC31E6 /* Preview Content */,
			);
			path = CardsGameWar;
			sourceTree = "<group>";
		};
		A4246153275EF08D00DC31E6 /* Preview Content */ = {
			isa = PBXGroup;
			children = (
				A4246154275EF08D00DC31E6 /* Preview Assets.xcassets */,
			);
			path = "Preview Content";
			sourceTree = "<group>";
		};
		A424615D275EF08D00DC31E6 /* CardsGameWarTests */ = {
			isa = PBXGroup;
			children = (
				A424615E275EF08D00DC31E6 /* CardsGameWarTests.swift */,
			);
			path = CardsGameWarTests;
			sourceTree = "<group>";
		};
		A4246167275EF08D00DC31E6 /* CardsGameWarUITests */ = {
			isa = PBXGroup;
			children = (
				A4246168275EF08D00DC31E6 /* CardsGameWarUITests.swift */,
				A424616A275EF08D00DC31E6 /* CardsGameWarUITestsLaunchTests.swift */,
			);
			path = CardsGameWarUITests;
			sourceTree = "<group>";
		};
/* End PBXGroup section */

/* Begin PBXNativeTarget section */
		A4246149275EF08800DC31E6 /* CardsGameWar */ = {
			isa = PBXNativeTarget;
			buildConfigurationList = A424616E275EF08D00DC31E6 /* Build configuration list for PBXNativeTarget "CardsGameWar" */;
			buildPhases = (
				A4246146275EF08800DC31E6 /* Sources */,
				A4246147275EF08800DC31E6 /* Frameworks */,
				A4246148275EF08800DC31E6 /* Resources */,
			);
			buildRules = (
			);
			dependencies = (
			);
			name = CardsGameWar;
			productName = CardsGameWar;
			productReference = A424614A275EF08800DC31E6 /* CardsGameWar.app */;
			productType = "com.apple.product-type.application";
		};
		A4246159275EF08D00DC31E6 /* CardsGameWarTests */ = {
			isa = PBXNativeTarget;
			buildConfigurationList = A4246171275EF08D00DC31E6 /* Build configuration list for PBXNativeTarget "CardsGameWarTests" */;
			buildPhases = (
				A4246156275EF08D00DC31E6 /* Sources */,
				A4246157275EF08D00DC31E6 /* Frameworks */,
				A4246158275EF08D00DC31E6 /* Resources */,
			);
			buildRules = (
			);
			dependencies = (
				A424615C275EF08D00DC31E6 /* PBXTargetDependency */,
			);
			name = CardsGameWarTests;
			productName = CardsGameWarTests;
			productReference = A424615A275EF08D00DC31E6 /* CardsGameWarTests.xctest */;
			productType = "com.apple.product-type.bundle.unit-test";
		};
		A4246163275EF08D00DC31E6 /* CardsGameWarUITests */ = {
			isa = PBXNativeTarget;
			buildConfigurationList = A4246174275EF08D00DC31E6 /* Build configuration list for PBXNativeTarget "CardsGameWarUITests" */;
			buildPhases = (
				A4246160275EF08D00DC31E6 /* Sources */,
				A4246161275EF08D00DC31E6 /* Frameworks */,
				A4246162275EF08D00DC31E6 /* Resources */,
			);
			buildRules = (
			);
			dependencies = (
				A4246166275EF08D00DC31E6 /* PBXTargetDependency */,
			);
			name = CardsGameWarUITests;
			productName = CardsGameWarUITests;
			productReference = A4246164275EF08D00DC31E6 /* CardsGameWarUITests.xctest */;
			productType = "com.apple.product-type.bundle.ui-testing";
		};
/* End PBXNativeTarget section */

/* Begin PBXProject section */
		A4246142275EF08800DC31E6 /* Project object */ = {
			isa = PBXProject;
			attributes = {
				BuildIndependentTargetsInParallel = 1;
				LastSwiftUpdateCheck = 1310;
				LastUpgradeCheck = 1310;
				TargetAttributes = {
					A4246149275EF08800DC31E6 = {
						CreatedOnToolsVersion = 13.1;
					};
					A4246159275EF08D00DC31E6 = {
						CreatedOnToolsVersion = 13.1;
						TestTargetID = A4246149275EF08800DC31E6;
					};
					A4246163275EF08D00DC31E6 = {
						CreatedOnToolsVersion = 13.1;
						TestTargetID = A4246149275EF08800DC31E6;
					};
				};
			};
			buildConfigurationList = A4246145275EF08800DC31E6 /* Build configuration list for PBXProject "CardsGameWar" */;
			compatibilityVersion = "Xcode 13.0";
			developmentRegion = en;
			hasScannedForEncodings = 0;
			knownRegions = (
				en,
				Base,
			);
			mainGroup = A4246141275EF08800DC31E6;
			productRefGroup = A424614B275EF08800DC31E6 /* Products */;
			projectDirPath = "";
			projectRoot = "";
			targets = (
				A4246149275EF08800DC31E6 /* CardsGameWar */,
				A4246159275EF08D00DC31E6 /* CardsGameWarTests */,
				A4246163275EF08D00DC31E6 /* CardsGameWarUITests */,
			);
		};
/* End PBXProject section */

/* Begin PBXResourcesBuildPhase section */
		A4246148275EF08800DC31E6 /* Resources */ = {
			isa = PBXResourcesBuildPhase;
			buildActionMask = 2147483647;
			files = (
				A4246155275EF08D00DC31E6 /* Preview Assets.xcassets in Resources */,
				A4246152275EF08D00DC31E6 /* Assets.xcassets in Resources */,
			);
			runOnlyForDeploymentPostprocessing = 0;
		};
		A4246158275EF08D00DC31E6 /* Resources */ = {
			isa = PBXResourcesBuildPhase;
			buildActionMask = 2147483647;
			files = (
			);
			runOnlyForDeploymentPostprocessing = 0;
		};
		A4246162275EF08D00DC31E6 /* Resources */ = {
			isa = PBXResourcesBuildPhase;
			buildActionMask = 2147483647;
			files = (
			);
			runOnlyForDeploymentPostprocessing = 0;
		};
/* End PBXResourcesBuildPhase section */

/* Begin PBXSourcesBuildPhase section */
		A4246146275EF08800DC31E6 /* Sources */ = {
			isa = PBXSourcesBuildPhase;
			buildActionMask = 2147483647;
			files = (
				A4246150275EF08800DC31E6 /* ContentView.swift in Sources */,
				A424614E275EF08800DC31E6 /* CardsGameWarApp.swift in Sources */,
			);
			runOnlyForDeploymentPostprocessing = 0;
		};
		A4246156275EF08D00DC31E6 /* Sources */ = {
			isa = PBXSourcesBuildPhase;
			buildActionMask = 2147483647;
			files = (
				A424615F275EF08D00DC31E6 /* CardsGameWarTests.swift in Sources */,
			);
			runOnlyForDeploymentPostprocessing = 0;
		};
		A4246160275EF08D00DC31E6 /* Sources */ = {
			isa = PBXSourcesBuildPhase;
			buildActionMask = 2147483647;
			files = (
				A4246169275EF08D00DC31E6 /* CardsGameWarUITests.swift in Sources */,
				A424616B275EF08D00DC31E6 /* CardsGameWarUITestsLaunchTests.swift in Sources */,
			);
			runOnlyForDeploymentPostprocessing = 0;
		};
/* End PBXSourcesBuildPhase section */

/* Begin PBXTargetDependency section */
		A424615C275EF08D00DC31E6 /* PBXTargetDependency */ = {
			isa = PBXTargetDependency;
			target = A4246149275EF08800DC31E6 /* CardsGameWar */;
			targetProxy = A424615B275EF08D00DC31E6 /* PBXContainerItemProxy */;
		};
		A4246166275EF08D00DC31E6 /* PBXTargetDependency */ = {
			isa = PBXTargetDependency;
			target = A4246149275EF08800DC31E6 /* CardsGameWar */;
			targetProxy = A4246165275EF08D00DC31E6 /* PBXContainerItemProxy */;
		};
/* End PBXTargetDependency section */

/* Begin XCBuildConfiguration section */
		A424616C275EF08D00DC31E6 /* Debug */ = {
			isa = XCBuildConfiguration;
			buildSettings = {
				ALWAYS_SEARCH_USER_PATHS = NO;
				CLANG_ANALYZER_NONNULL = YES;
				CLANG_ANALYZER_NUMBER_OBJECT_CONVERSION = YES_AGGRESSIVE;
				CLANG_CXX_LANGUAGE_STANDARD = "gnu++17";
				CLANG_CXX_LIBRARY = "libc++";
				CLANG_ENABLE_MODULES = YES;
				CLANG_ENABLE_OBJC_ARC = YES;
				CLANG_ENABLE_OBJC_WEAK = YES;
				CLANG_WARN_BLOCK_CAPTURE_AUTORELEASING = YES;
				CLANG_WARN_BOOL_CONVERSION = YES;
				CLANG_WARN_COMMA = YES;
				CLANG_WARN_CONSTANT_CONVERSION = YES;
				CLANG_WARN_DEPRECATED_OBJC_IMPLEMENTATIONS = YES;
				CLANG_WARN_DIRECT_OBJC_ISA_USAGE = YES_ERROR;
				CLANG_WARN_DOCUMENTATION_COMMENTS = YES;
				CLANG_WARN_EMPTY_BODY = YES;
				CLANG_WARN_ENUM_CONVERSION = YES;
				CLANG_WARN_INFINITE_RECURSION = YES;
				CLANG_WARN_INT_CONVERSION = YES;
				CLANG_WARN_NON_LITERAL_NULL_CONVERSION = YES;
				CLANG_WARN_OBJC_IMPLICIT_RETAIN_SELF = YES;
				CLANG_WARN_OBJC_LITERAL_CONVERSION = YES;
				CLANG_WARN_OBJC_ROOT_CLASS = YES_ERROR;
				CLANG_WARN_QUOTED_INCLUDE_IN_FRAMEWORK_HEADER = YES;
				CLANG_WARN_RANGE_LOOP_ANALYSIS = YES;
				CLANG_WARN_STRICT_PROTOTYPES = YES;
				CLANG_WARN_SUSPICIOUS_MOVE = YES;
				CLANG_WARN_UNGUARDED_AVAILABILITY = YES_AGGRESSIVE;
				CLANG_WARN_UNREACHABLE_CODE = YES;
				CLANG_WARN__DUPLICATE_METHOD_MATCH = YES;
				COPY_PHASE_STRIP = NO;
				DEBUG_INFORMATION_FORMAT = dwarf;
				ENABLE_STRICT_OBJC_MSGSEND = YES;
				ENABLE_TESTABILITY = YES;
				GCC_C_LANGUAGE_STANDARD = gnu11;
				GCC_DYNAMIC_NO_PIC = NO;
				GCC_NO_COMMON_BLOCKS = YES;
				GCC_OPTIMIZATION_LEVEL = 0;
				GCC_PREPROCESSOR_DEFINITIONS = (
					"DEBUG=1",
					"$(inherited)",
				);
				GCC_WARN_64_TO_32_BIT_CONVERSION = YES;
				GCC_WARN_ABOUT_RETURN_TYPE = YES_ERROR;
				GCC_WARN_UNDECLARED_SELECTOR = YES;
				GCC_WARN_UNINITIALIZED_AUTOS = YES_AGGRESSIVE;
				GCC_WARN_UNUSED_FUNCTION = YES;
				GCC_WARN_UNUSED_VARIABLE = YES;
				IPHONEOS_DEPLOYMENT_TARGET = 15.0;
				MTL_ENABLE_DEBUG_INFO = INCLUDE_SOURCE;
				MTL_FAST_MATH = YES;
				ONLY_ACTIVE_ARCH = YES;
				SDKROOT = iphoneos;
				SWIFT_ACTIVE_COMPILATION_CONDITIONS = DEBUG;
				SWIFT_OPTIMIZATION_LEVEL = "-Onone";
			};
			name = Debug;
		};
		A424616D275EF08D00DC31E6 /* Release */ = {
			isa = XCBuildConfiguration;
			buildSettings = {
				ALWAYS_SEARCH_USER_PATHS = NO;
				CLANG_ANALYZER_NONNULL = YES;
				CLANG_ANALYZER_NUMBER_OBJECT_CONVERSION = YES_AGGRESSIVE;
				CLANG_CXX_LANGUAGE_STANDARD = "gnu++17";
				CLANG_CXX_LIBRARY = "libc++";
				CLANG_ENABLE_MODULES = YES;
				CLANG_ENABLE_OBJC_ARC = YES;
				CLANG_ENABLE_OBJC_WEAK = YES;
				CLANG_WARN_BLOCK_CAPTURE_AUTORELEASING = YES;
				CLANG_WARN_BOOL_CONVERSION = YES;
				CLANG_WARN_COMMA = YES;
				CLANG_WARN_CONSTANT_CONVERSION = YES;
				CLANG_WARN_DEPRECATED_OBJC_IMPLEMENTATIONS = YES;
				CLANG_WARN_DIRECT_OBJC_ISA_USAGE = YES_ERROR;
				CLANG_WARN_DOCUMENTATION_COMMENTS = YES;
				CLANG_WARN_EMPTY_BODY = YES;
				CLANG_WARN_ENUM_CONVERSION = YES;
				CLANG_WARN_INFINITE_RECURSION = YES;
				CLANG_WARN_INT_CONVERSION = YES;
				CLANG_WARN_NON_LITERAL_NULL_CONVERSION = YES;
				CLANG_WARN_OBJC_IMPLICIT_RETAIN_SELF = YES;
				CLANG_WARN_OBJC_LITERAL_CONVERSION = YES;
				CLANG_WARN_OBJC_ROOT_CLASS = YES_ERROR;
				CLANG_WARN_QUOTED_INCLUDE_IN_FRAMEWORK_HEADER = YES;
				CLANG_WARN_RANGE_LOOP_ANALYSIS = YES;
				CLANG_WARN_STRICT_PROTOTYPES = YES;
				CLANG_WARN_SUSPICIOUS_MOVE = YES;
				CLANG_WARN_UNGUARDED_AVAILABILITY = YES_AGGRESSIVE;
				CLANG_WARN_UNREACHABLE_CODE = YES;
				CLANG_WARN__DUPLICATE_METHOD_MATCH = YES;
				COPY_PHASE_STRIP = NO;
				DEBUG_INFORMATION_FORMAT = "dwarf-with-dsym";
				ENABLE_NS_ASSERTIONS = NO;
				ENABLE_STRICT_OBJC_MSGSEND = YES;
				GCC_C_LANGUAGE_STANDARD = gnu11;
				GCC_NO_COMMON_BLOCKS = YES;
				GCC_WARN_64_TO_32_BIT_CONVERSION = YES;
				GCC_WARN_ABOUT_RETURN_TYPE = YES_ERROR;
				GCC_WARN_UNDECLARED_SELECTOR = YES;
				GCC_WARN_UNINITIALIZED_AUTOS = YES_AGGRESSIVE;
				GCC_WARN_UNUSED_FUNCTION = YES;
				GCC_WARN_UNUSED_VARIABLE = YES;
				IPHONEOS_DEPLOYMENT_TARGET = 15.0;
				MTL_ENABLE_DEBUG_INFO = NO;
				MTL_FAST_MATH = YES;
				SDKROOT = iphoneos;
				SWIFT_COMPILATION_MODE = wholemodule;
				SWIFT_OPTIMIZATION_LEVEL = "-O";
				VALIDATE_PRODUCT = YES;
			};
			name = Release;
		};
		A424616F275EF08D00DC31E6 /* Debug */ = {
			isa = XCBuildConfiguration;
			buildSettings = {
				ASSETCATALOG_COMPILER_APPICON_NAME = AppIcon;
				ASSETCATALOG_COMPILER_GLOBAL_ACCENT_COLOR_NAME = AccentColor;
				CODE_SIGN_STYLE = Automatic;
				CURRENT_PROJECT_VERSION = 1;
				DEVELOPMENT_ASSET_PATHS = "\"CardsGameWar/Preview Content\"";
				ENABLE_PREVIEWS = YES;
				GENERATE_INFOPLIST_FILE = YES;
				INFOPLIST_KEY_UIApplicationSceneManifest_Generation = YES;
				INFOPLIST_KEY_UIApplicationSupportsIndirectInputEvents = YES;
				INFOPLIST_KEY_UILaunchScreen_Generation = YES;
				INFOPLIST_KEY_UISupportedInterfaceOrientations_iPad = "UIInterfaceOrientationPortrait UIInterfaceOrientationPortraitUpsideDown UIInterfaceOrientationLandscapeLeft UIInterfaceOrientationLandscapeRight";
				INFOPLIST_KEY_UISupportedInterfaceOrientations_iPhone = "UIInterfaceOrientationPortrait UIInterfaceOrientationLandscapeLeft UIInterfaceOrientationLandscapeRight";
				LD_RUNPATH_SEARCH_PATHS = (
					"$(inherited)",
					"@executable_path/Frameworks",
				);
				MARKETING_VERSION = 1.0;
				PRODUCT_BUNDLE_IDENTIFIER = com.lab.CardsGameWar;
				PRODUCT_NAME = "$(TARGET_NAME)";
				SWIFT_EMIT_LOC_STRINGS = YES;
				SWIFT_VERSION = 5.0;
				TARGETED_DEVICE_FAMILY = "1,2";
			};
			name = Debug;
		};
		A4246170275EF08D00DC31E6 /* Release */ = {
			isa = XCBuildConfiguration;
			buildSettings = {
				ASSETCATALOG_COMPILER_APPICON_NAME = AppIcon;
				ASSETCATALOG_COMPILER_GLOBAL_ACCENT_COLOR_NAME = AccentColor;
				CODE_SIGN_STYLE = Automatic;
				CURRENT_PROJECT_VERSION = 1;
				DEVELOPMENT_ASSET_PATHS = "\"CardsGameWar/Preview Content\"";
				ENABLE_PREVIEWS = YES;
				GENERATE_INFOPLIST_FILE = YES;
				INFOPLIST_KEY_UIApplicationSceneManifest_Generation = YES;
				INFOPLIST_KEY_UIApplicationSupportsIndirectInputEvents = YES;
				INFOPLIST_KEY_UILaunchScreen_Generation = YES;
				INFOPLIST_KEY_UISupportedInterfaceOrientations_iPad = "UIInterfaceOrientationPortrait UIInterfaceOrientationPortraitUpsideDown UIInterfaceOrientationLandscapeLeft UIInterfaceOrientationLandscapeRight";
				INFOPLIST_KEY_UISupportedInterfaceOrientations_iPhone = "UIInterfaceOrientationPortrait UIInterfaceOrientationLandscapeLeft UIInterfaceOrientationLandscapeRight";
				LD_RUNPATH_SEARCH_PATHS = (
					"$(inherited)",
					"@executable_path/Frameworks",
				);
				MARKETING_VERSION = 1.0;
				PRODUCT_BUNDLE_IDENTIFIER = com.lab.CardsGameWar;
				PRODUCT_NAME = "$(TARGET_NAME)";
				SWIFT_EMIT_LOC_STRINGS = YES;
				SWIFT_VERSION = 5.0;
				TARGETED_DEVICE_FAMILY = "1,2";
			};
			name = Release;
		};
		A4246172275EF08D00DC31E6 /* Debug */ = {
			isa = XCBuildConfiguration;
			buildSettings = {
				ALWAYS_EMBED_SWIFT_STANDARD_LIBRARIES = YES;
				BUNDLE_LOADER = "$(TEST_HOST)";
				CODE_SIGN_STYLE = Automatic;
				CURRENT_PROJECT_VERSION = 1;
				GENERATE_INFOPLIST_FILE = YES;
				IPHONEOS_DEPLOYMENT_TARGET = 15.0;
				LD_RUNPATH_SEARCH_PATHS = (
					"$(inherited)",
					"@executable_path/Frameworks",
					"@loader_path/Frameworks",
				);
				MARKETING_VERSION = 1.0;
				PRODUCT_BUNDLE_IDENTIFIER = com.lab.CardsGameWarTests;
				PRODUCT_NAME = "$(TARGET_NAME)";
				SWIFT_EMIT_LOC_STRINGS = NO;
				SWIFT_VERSION = 5.0;
				TARGETED_DEVICE_FAMILY = "1,2";
				TEST_HOST = "$(BUILT_PRODUCTS_DIR)/CardsGameWar.app/CardsGameWar";
			};
			name = Debug;
		};
		A4246173275EF08D00DC31E6 /* Release */ = {
			isa = XCBuildConfiguration;
			buildSettings = {
				ALWAYS_EMBED_SWIFT_STANDARD_LIBRARIES = YES;
				BUNDLE_LOADER = "$(TEST_HOST)";
				CODE_SIGN_STYLE = Automatic;
				CURRENT_PROJECT_VERSION = 1;
				GENERATE_INFOPLIST_FILE = YES;
				IPHONEOS_DEPLOYMENT_TARGET = 15.0;
				LD_RUNPATH_SEARCH_PATHS = (
					"$(inherited)",
					"@executable_path/Frameworks",
					"@loader_path/Frameworks",
				);
				MARKETING_VERSION = 1.0;
				PRODUCT_BUNDLE_IDENTIFIER = com.lab.CardsGameWarTests;
				PRODUCT_NAME = "$(TARGET_NAME)";
				SWIFT_EMIT_LOC_STRINGS = NO;
				SWIFT_VERSION = 5.0;
				TARGETED_DEVICE_FAMILY = "1,2";
				TEST_HOST = "$(BUILT_PRODUCTS_DIR)/CardsGameWar.app/CardsGameWar";
			};
			name = Release;
		};
		A4246175275EF08D00DC31E6 /* Debug */ = {
			isa = XCBuildConfiguration;
			buildSettings = {
				ALWAYS_EMBED_SWIFT_STANDARD_LIBRARIES = YES;
				CODE_SIGN_STYLE = Automatic;
				CURRENT_PROJECT_VERSION = 1;
				GENERATE_INFOPLIST_FILE = YES;
				LD_RUNPATH_SEARCH_PATHS = (
					"$(inherited)",
					"@executable_path/Frameworks",
					"@loader_path/Frameworks",
				);
				MARKETING_VERSION = 1.0;
				PRODUCT_BUNDLE_IDENTIFIER = com.lab.CardsGameWarUITests;
				PRODUCT_NAME = "$(TARGET_NAME)";
				SWIFT_EMIT_LOC_STRINGS = NO;
				SWIFT_VERSION = 5.0;
				TARGETED_DEVICE_FAMILY = "1,2";
				TEST_TARGET_NAME = CardsGameWar;
			};
			name = Debug;
		};
		A4246176275EF08D00DC31E6 /* Release */ = {
			isa = XCBuildConfiguration;
			buildSettings = {
				ALWAYS_EMBED_SWIFT_STANDARD_LIBRARIES = YES;
				CODE_SIGN_STYLE = Automatic;
				CURRENT_PROJECT_VERSION = 1;
				GENERATE_INFOPLIST_FILE = YES;
				LD_RUNPATH_SEARCH_PATHS = (
					"$(inherited)",
					"@executable_path/Frameworks",
					"@loader_path/Frameworks",
				);
				MARKETING_VERSION = 1.0;
				PRODUCT_BUNDLE_IDENTIFIER = com.lab.CardsGameWarUITests;
				PRODUCT_NAME = "$(TARGET_NAME)";
				SWIFT_EMIT_LOC_STRINGS = NO;
				SWIFT_VERSION = 5.0;
				TARGETED_DEVICE_FAMILY = "1,2";
				TEST_TARGET_NAME = CardsGameWar;
			};
			name = Release;
		};
/* End XCBuildConfiguration section */

/* Begin XCConfigurationList section */
		A4246145275EF08800DC31E6 /* Build configuration list for PBXProject "CardsGameWar" */ = {
			isa = XCConfigurationList;
			buildConfigurations = (
				A424616C275EF08D00DC31E6 /* Debug */,
				A424616D275EF08D00DC31E6 /* Release */,
			);
			defaultConfigurationIsVisible = 0;
			defaultConfigurationName = Release;
		};
		A424616E275EF08D00DC31E6 /* Build configuration list for PBXNativeTarget "CardsGameWar" */ = {
			isa = XCConfigurationList;
			buildConfigurations = (
				A424616F275EF08D00DC31E6 /* Debug */,
				A4246170275EF08D00DC31E6 /* Release */,
			);
			defaultConfigurationIsVisible = 0;
			defaultConfigurationName = Release;
		};
		A4246171275EF08D00DC31E6 /* Build configuration list for PBXNativeTarget "CardsGameWarTests" */ = {
			isa = XCConfigurationList;
			buildConfigurations = (
				A4246172275EF08D00DC31E6 /* Debug */,
				A4246173275EF08D00DC31E6 /* Release */,
			);
			defaultConfigurationIsVisible = 0;
			defaultConfigurationName = Release;
		};
		A4246174275EF08D00DC31E6 /* Build configuration list for PBXNativeTarget "CardsGameWarUITests" */ = {
			isa = XCConfigurationList;
			buildConfigurations = (
				A4246175275EF08D00DC31E6 /* Debug */,
				A4246176275EF08D00DC31E6 /* Release */,
			);
			defaultConfigurationIsVisible = 0;
			defaultConfigurationName = Release;
		};
/* End XCConfigurationList section */
	};
	rootObject = A4246142275EF08800DC31E6 /* Project object */;
}
